{
  "version": "4",
  "specifiers": {
    "npm:elkjs@*": "0.9.3",
    "npm:sprotty@*": "1.4.0",
    "npm:sprotty@0.8": "0.8.0"
  },
  "npm": {
    "@inversifyjs/common@1.4.0": {
      "integrity": "sha512-qfRJ/3iOlCL/VfJq8+4o5X4oA14cZSBbpAmHsYj8EsIit1xDndoOl0xKOyglKtQD4u4gdNVxMHx4RWARk/I4QA=="
    },
    "@inversifyjs/core@1.3.5_reflect-metadata@0.2.2": {
      "integrity": "sha512-B4MFXabhNTAmrfgB+yeD6wd/GIvmvWC6IQ8Rh/j2C3Ix69kmqwz9pr8Jt3E+Nho9aEHOQCZaGmrALgtqRd+oEQ==",
      "dependencies": [
        "@inversifyjs/common",
        "@inversifyjs/reflect-metadata-utils"
      ]
    },
    "@inversifyjs/reflect-metadata-utils@0.2.4_reflect-metadata@0.2.2": {
      "integrity": "sha512-u95rV3lKfG+NT2Uy/5vNzoDujos8vN8O18SSA5UyhxsGYd4GLQn/eUsGXfOsfa7m34eKrDelTKRUX1m/BcNX5w==",
      "dependencies": [
        "reflect-metadata"
      ]
    },
    "autocompleter@5.1.0": {
      "integrity": "sha512-xFZla6guwywqFJutoi5xrhAmaKw4/TU8CcLuNep/3OtiUfpNXtgzuBkkXJ6ysJIfG6MEEXFtUBg3PREN6HUVyw=="
    },
    "autocompleter@9.3.2": {
      "integrity": "sha512-rLbf2TLGOD7y+gOS36ksrZdIsvoHa2KXc2A7503w+NBRPrcF73zzFeYBxEcV/iMPjaBH3jFhNIYObZ7zt1fkCQ=="
    },
    "elkjs@0.9.3": {
      "integrity": "sha512-f/ZeWvW/BCXbhGEf1Ujp29EASo/lk1FDnETgNKwJrsVvGZhUWCZyg3xLJjAsxfOmt8KjswHmI5EwCQcPMpOYhQ=="
    },
    "file-saver@2.0.2": {
      "integrity": "sha512-Wz3c3XQ5xroCxd1G8b7yL0Ehkf0TC9oYC6buPFkNnU9EnaPlifeAFCyCh+iewXTyFRcg0a6j3J7FmJsIhlhBdw=="
    },
    "file-saver@2.0.5": {
      "integrity": "sha512-P9bmyZ3h/PRG+Nzga+rbdI4OEpNDzAVyy74uVO9ATgzLK6VtAsYybF/+TOCvrc0MO793d6+42lLyZTw7/ArVzA=="
    },
    "html-parse-stringify2@2.0.1": {
      "integrity": "sha512-wMKQ3aJ/dwXzDHPpA7XgsRXXCkEhHkAF6Ioh7D51lgZO7Qy0LmcFddC9TI/qNQJvSM1KL8KbcR3FtuybsrzFlQ==",
      "dependencies": [
        "void-elements"
      ]
    },
    "inversify@5.0.1": {
      "integrity": "sha512-Ieh06s48WnEYGcqHepdsJUIJUXpwH5o5vodAX+DK2JA/gjy4EbEcQZxw+uFfzysmKjiLXGYwNG3qDZsKVMcINQ=="
    },
    "inversify@6.2.1_reflect-metadata@0.2.2": {
      "integrity": "sha512-W6Xi0icXIiC48RWdT681+GlZVgAKmCrNTiP7hj4IVPFbcxHz+Jj8Gxz5qr/Az2cgcZMYdB8tKIr2e68LUi1LYQ==",
      "dependencies": [
        "@inversifyjs/common",
        "@inversifyjs/core",
        "reflect-metadata"
      ]
    },
    "reflect-metadata@0.2.2": {
      "integrity": "sha512-urBwgfrvVP/eAyXx4hluJivBKzuEbSQs9rKWCrCkbSxNv8mxPcUZKeuoF3Uy4mJl3Lwprp6yy5/39VWigZ4K6Q=="
    },
    "snabbdom-jsx@0.4.2": {
      "integrity": "sha512-6akqPyuossD3niO3RCgaqAIrQ6ylBI+shzUKukIwqkNOybCmgst81khJ48BHYtEamQ7ltlFaEKjvKi3N0NPNVw==",
      "dependencies": [
        "snabbdom@0.7.3"
      ]
    },
    "snabbdom-virtualize@0.7.0_snabbdom@0.6.9": {
      "integrity": "sha512-O8c3iZyvb/cnQYEVRYRpdF0uCHcZiQH0gT1ZlfZDvOKRBnYuGLdPQlIOhVlMDXoAtoItG/ptcgne6aXNB2kdvA==",
      "dependencies": [
        "html-parse-stringify2",
        "snabbdom@0.6.9"
      ]
    },
    "snabbdom@0.6.9": {
      "integrity": "sha512-5Xe3jlmBflyDQGfo/9f7NhCI8fq7kwtn2goqzG/1mrFcbMSRF6muuAeXBEXsK3lnAXKc/QO8MccBpOcdVYVE9A=="
    },
    "snabbdom@0.7.3": {
      "integrity": "sha512-XNh90GQiV36hWdfSL46fIVrSSvmBuZlWk3++qaEgBeQWQJCqTphcbjTODPv8/vyZHJaB3VhePsWfGxi/zBxXyw=="
    },
    "snabbdom@3.5.1": {
      "integrity": "sha512-wHMNIOjkm/YNE5EM3RCbr/+DVgPg6AqQAX1eOxO46zYNvCXjKP5Y865tqQj3EXnaMBjkxmQA5jFuDpDK/dbfiA=="
    },
    "sprotty-protocol@1.4.0": {
      "integrity": "sha512-+AAskW3Mzcq5UhMnummp4wwJ1dYdgT7/utmWoHtjfrK7JTJq9G/VWWlHnTnQGzHHyma03Loy2AozToXoArQuAQ=="
    },
    "sprotty@0.8.0": {
      "integrity": "sha512-P5iTJGGLD9rqVqsNjpuCsWN1ifVoPwlhbvf+6Sl/J/o/tpYwnwDsHZiQkD72UFteV+0r0aZWvwppzLf8g9YpKw==",
      "dependencies": [
        "autocompleter@5.1.0",
        "file-saver@2.0.2",
        "inversify@5.0.1",
        "snabbdom@0.7.3",
        "snabbdom-jsx",
        "snabbdom-virtualize"
      ]
    },
    "sprotty@1.4.0": {
      "integrity": "sha512-QGZZQAM2pOa1QxJUG05Ox76RJOKuvKloT1nCkvs6SD5w/HfkcL0mjq1Om1+fb5NAalDzurrJL6agKUReST3TFw==",
      "dependencies": [
        "autocompleter@9.3.2",
        "file-saver@2.0.5",
        "inversify@6.2.1_reflect-metadata@0.2.2",
        "snabbdom@3.5.1",
        "sprotty-protocol",
        "tinyqueue"
      ]
    },
    "tinyqueue@2.0.3": {
      "integrity": "sha512-ppJZNDuKGgxzkHihX8v9v9G5f+18gzaTfrukGrq6ueg0lmH4nqVnA2IPG0AEH3jKEk2GRJCUhDoqpoiw3PHLBA=="
    },
    "void-elements@2.0.1": {
      "integrity": "sha512-qZKX4RnBzH2ugr8Lxa7x+0V6XD9Sb/ouARtiasEQCHB1EVU4NXtmHsDDrx1dO4ne5fc3J6EW05BP1Dl0z0iung=="
    }
  }
}
